
Microsoft Visual Studio Solution File, Format Version 12.00
# Visual Studio Version 16
VisualStudioVersion = 16.0.28803.352
MinimumVisualStudioVersion = 10.0.40219.1
Project("{FAE04EC0-301F-11D3-BF4B-00C04F79EFBC}") = "Gentelella2", "src\Gentelella2.csproj", "{00D35797-DAD9-4350-A6B9-804280DE4F04}"
EndProject
Global
	GlobalSection(SolutionConfigurationPlatforms) = preSolution
		Debug|Any CPU = Debug|Any CPU
		Release|Any CPU = Release|Any CPU
	EndGlobalSection
	GlobalSection(ProjectConfigurationPlatforms) = postSolution
		{00D35797-DAD9-4350-A6B9-804280DE4F04}.Debug|Any CPU.ActiveCfg = Debug|Any CPU
		{00D35797-DAD9-4350-A6B9-804280DE4F04}.Debug|Any CPU.Build.0 = Debug|Any CPU
		{00D35797-DAD9-4350-A6B9-804280DE4F04}.Release|Any CPU.ActiveCfg = Release|Any CPU
		{00D35797-DAD9-4350-A6B9-804280DE4F04}.Release|Any CPU.Build.0 = Release|Any CPU
	EndGlobalSection
	GlobalSection(SolutionProperties) = preSolution
		HideSolutionNode = FALSE
	EndGlobalSection
	GlobalSection(ExtensibilityGlobals) = postSolution
		SolutionGuid = {2A4B7DE3-B440-404C-A820-C858ECA39675}
	EndGlobalSection
EndGlobal
